// !$*UTF8*$!
{
	archiveVersion = 1;
	classes = {
	};
	objectVersion = 46;
	objects = {

/* Begin PBXBuildFile section */
		79298E36172CBE7F008E6EC0 /* TDBadgedCell.m in Sources */ = {isa = PBXBuildFile; fileRef = 79298E35172CBE7F008E6EC0 /* TDBadgedCell.m */; };
		7946B8DB172910C60024200C /* SectionHeaderView.m in Sources */ = {isa = PBXBuildFile; fileRef = 7946B8DA172910C60024200C /* SectionHeaderView.m */; };
		7946B8E31729110C0024200C /* Quotation.m in Sources */ = {isa = PBXBuildFile; fileRef = 7946B8DF1729110C0024200C /* Quotation.m */; };
		7946B8E6172911750024200C /* QuartzCore.framework in Frameworks */ = {isa = PBXBuildFile; fileRef = 7946B8E5172911750024200C /* QuartzCore.framework */; };
		7946B8EC172914E40024200C /* CategoryListViewController.m in Sources */ = {isa = PBXBuildFile; fileRef = 7946B8EB172914E40024200C /* CategoryListViewController.m */; };
		7947C1731743666E00F796F1 /* 37x-Checkmark.png in Resources */ = {isa = PBXBuildFile; fileRef = 7947C16F1743666E00F796F1 /* 37x-Checkmark.png */; };
		7947C1741743666E00F796F1 /* 37x-Checkmark@2x.png in Resources */ = {isa = PBXBuildFile; fileRef = 7947C1701743666E00F796F1 /* 37x-Checkmark@2x.png */; };
		7947C1751743666E00F796F1 /* selectcity.png in Resources */ = {isa = PBXBuildFile; fileRef = 7947C1711743666E00F796F1 /* selectcity.png */; };
		7947C1761743666E00F796F1 /* titlebar_bg.jpg in Resources */ = {isa = PBXBuildFile; fileRef = 7947C1721743666E00F796F1 /* titlebar_bg.jpg */; };
		7947C17F17436A0C00F796F1 /* DAAppViewCell.m in Sources */ = {isa = PBXBuildFile; fileRef = 7947C17E17436A0C00F796F1 /* DAAppViewCell.m */; };
		7947C18217436A3B00F796F1 /* DAAppObject.m in Sources */ = {isa = PBXBuildFile; fileRef = 7947C18117436A3A00F796F1 /* DAAppObject.m */; };
		794AD82C17326FCE0061C941 /* CoreLocation.framework in Frameworks */ = {isa = PBXBuildFile; fileRef = 794AD82B17326FCE0061C941 /* CoreLocation.framework */; };
		7987A9BA1728C3B5003C3E53 /* UIKit.framework in Frameworks */ = {isa = PBXBuildFile; fileRef = 7987A9B91728C3B5003C3E53 /* UIKit.framework */; };
		7987A9BC1728C3B5003C3E53 /* Foundation.framework in Frameworks */ = {isa = PBXBuildFile; fileRef = 7987A9BB1728C3B5003C3E53 /* Foundation.framework */; };
		7987A9BE1728C3B5003C3E53 /* CoreGraphics.framework in Frameworks */ = {isa = PBXBuildFile; fileRef = 7987A9BD1728C3B5003C3E53 /* CoreGraphics.framework */; };
		7987A9C41728C3B5003C3E53 /* InfoPlist.strings in Resources */ = {isa = PBXBuildFile; fileRef = 7987A9C21728C3B5003C3E53 /* InfoPlist.strings */; };
		7987A9C61728C3B5003C3E53 /* main.m in Sources */ = {isa = PBXBuildFile; fileRef = 7987A9C51728C3B5003C3E53 /* main.m */; };
		7987A9CA1728C3B5003C3E53 /* AppDelegate.m in Sources */ = {isa = PBXBuildFile; fileRef = 7987A9C91728C3B5003C3E53 /* AppDelegate.m */; };
		7987A9D81728C3EC003C3E53 /* MainViewController.m in Sources */ = {isa = PBXBuildFile; fileRef = 7987A9D71728C3EC003C3E53 /* MainViewController.m */; };
		7987A9DB1728C6B3003C3E53 /* SearchViewController.m in Sources */ = {isa = PBXBuildFile; fileRef = 7987A9DA1728C6B3003C3E53 /* SearchViewController.m */; };
		7987A9DE1728C7C5003C3E53 /* YuloreAPI.m in Sources */ = {isa = PBXBuildFile; fileRef = 7987A9DD1728C7C5003C3E53 /* YuloreAPI.m */; };
		7987A9E91728C7E3003C3E53 /* JSONKit.m in Sources */ = {isa = PBXBuildFile; fileRef = 7987A9E01728C7E3003C3E53 /* JSONKit.m */; };
		7987A9EA1728C7E3003C3E53 /* POI.m in Sources */ = {isa = PBXBuildFile; fileRef = 7987A9E21728C7E3003C3E53 /* POI.m */; };
		7987A9EB1728C7E3003C3E53 /* CityViewController.m in Sources */ = {isa = PBXBuildFile; fileRef = 7987A9E41728C7E3003C3E53 /* CityViewController.m */; };
		7987A9EC1728C7E3003C3E53 /* UINavigationBar+CustomBackground.m in Sources */ = {isa = PBXBuildFile; fileRef = 7987A9E61728C7E3003C3E53 /* UINavigationBar+CustomBackground.m */; };
		7987A9F21728C7FD003C3E53 /* DetailInfomationView.m in Sources */ = {isa = PBXBuildFile; fileRef = 7987A9EF1728C7FD003C3E53 /* DetailInfomationView.m */; };
		7987A9F31728C7FD003C3E53 /* DetailViewController.m in Sources */ = {isa = PBXBuildFile; fileRef = 7987A9F11728C7FD003C3E53 /* DetailViewController.m */; };
		7987A9F61728C810003C3E53 /* YuloreAPICategory.m in Sources */ = {isa = PBXBuildFile; fileRef = 7987A9F51728C810003C3E53 /* YuloreAPICategory.m */; };
		7987A9F81728C835003C3E53 /* MapKit.framework in Frameworks */ = {isa = PBXBuildFile; fileRef = 7987A9F71728C835003C3E53 /* MapKit.framework */; };
		79A6D8201744871100AE0604 /* AHReach.m in Sources */ = {isa = PBXBuildFile; fileRef = 79A6D81F1744871100AE0604 /* AHReach.m */; };
		79A77E561745C26100A1F688 /* PWLoadMoreTableFooterView.m in Sources */ = {isa = PBXBuildFile; fileRef = 79A77E551745C26100A1F688 /* PWLoadMoreTableFooterView.m */; };
		79A77E591745D91100A1F688 /* ListViewController.m in Sources */ = {isa = PBXBuildFile; fileRef = 79A77E581745D91100A1F688 /* ListViewController.m */; };
		79B0B3EE172B6CE600245F95 /* MBProgressHUD.m in Sources */ = {isa = PBXBuildFile; fileRef = 79B0B3ED172B6CE600245F95 /* MBProgressHUD.m */; };
		79BE0CA8172A188900494E9A /* UINavigationBar-CustomBackground.m in Sources */ = {isa = PBXBuildFile; fileRef = 79BE0CA7172A188900494E9A /* UINavigationBar-CustomBackground.m */; };
		79F4F51F1764262E0079F95A /* SystemConfiguration.framework in Frameworks */ = {isa = PBXBuildFile; fileRef = 79F4F51E1764262E0079F95A /* SystemConfiguration.framework */; };
		79F4F5221764262E0079F95A /* CityScrollView.m in Sources */ = {isa = PBXBuildFile; fileRef = 79F4F5211764262E0079F95A /* CityScrollView.m */; };
		79F4F5261764262E0079F95A /* SectionInfo.m in Sources */ = {isa = PBXBuildFile; fileRef = 79F4F5251764262E0079F95A /* SectionInfo.m */; };
/* End PBXBuildFile section */

/* Begin PBXFileReference section */
		79298E34172CBE7F008E6EC0 /* TDBadgedCell.h */ = {isa = PBXFileReference; fileEncoding = 4; lastKnownFileType = sourcecode.c.h; path = TDBadgedCell.h; sourceTree = "<group>"; };
		79298E35172CBE7F008E6EC0 /* TDBadgedCell.m */ = {isa = PBXFileReference; fileEncoding = 4; lastKnownFileType = sourcecode.c.objc; path = TDBadgedCell.m; sourceTree = "<group>"; };
		7946B8D9172910C60024200C /* SectionHeaderView.h */ = {isa = PBXFileReference; fileEncoding = 4; lastKnownFileType = sourcecode.c.h; path = SectionHeaderView.h; sourceTree = "<group>"; };
		7946B8DA172910C60024200C /* SectionHeaderView.m */ = {isa = PBXFileReference; fileEncoding = 4; lastKnownFileType = sourcecode.c.objc; path = SectionHeaderView.m; sourceTree = "<group>"; };
		7946B8DE1729110C0024200C /* Quotation.h */ = {isa = PBXFileReference; fileEncoding = 4; lastKnownFileType = sourcecode.c.h; path = Quotation.h; sourceTree = "<group>"; };
		7946B8DF1729110C0024200C /* Quotation.m */ = {isa = PBXFileReference; fileEncoding = 4; lastKnownFileType = sourcecode.c.objc; path = Quotation.m; sourceTree = "<group>"; };
		7946B8E5172911750024200C /* QuartzCore.framework */ = {isa = PBXFileReference; lastKnownFileType = wrapper.framework; name = QuartzCore.framework; path = System/Library/Frameworks/QuartzCore.framework; sourceTree = SDKROOT; };
		7946B8EA172914E40024200C /* CategoryListViewController.h */ = {isa = PBXFileReference; fileEncoding = 4; lastKnownFileType = sourcecode.c.h; path = CategoryListViewController.h; sourceTree = "<group>"; };
		7946B8EB172914E40024200C /* CategoryListViewController.m */ = {isa = PBXFileReference; fileEncoding = 4; lastKnownFileType = sourcecode.c.objc; path = CategoryListViewController.m; sourceTree = "<group>"; };
		7946B8ED17291A370024200C /* zh-Hans */ = {isa = PBXFileReference; lastKnownFileType = text.plist.strings; name = "zh-Hans"; path = "zh-Hans.lproj/InfoPlist.strings"; sourceTree = "<group>"; };
		7947C16F1743666E00F796F1 /* 37x-Checkmark.png */ = {isa = PBXFileReference; lastKnownFileType = image.png; name = "37x-Checkmark.png"; path = "images/37x-Checkmark.png"; sourceTree = "<group>"; };
		7947C1701743666E00F796F1 /* 37x-Checkmark@2x.png */ = {isa = PBXFileReference; lastKnownFileType = image.png; name = "37x-Checkmark@2x.png"; path = "images/37x-Checkmark@2x.png"; sourceTree = "<group>"; };
		7947C1711743666E00F796F1 /* selectcity.png */ = {isa = PBXFileReference; lastKnownFileType = image.png; name = selectcity.png; path = images/selectcity.png; sourceTree = "<group>"; };
		7947C1721743666E00F796F1 /* titlebar_bg.jpg */ = {isa = PBXFileReference; lastKnownFileType = image.jpeg; name = titlebar_bg.jpg; path = images/titlebar_bg.jpg; sourceTree = "<group>"; };
		7947C177174366A300F796F1 /* Default-568h@2x.png */ = {isa = PBXFileReference; lastKnownFileType = image.png; name = "Default-568h@2x.png"; path = "images/Default-568h@2x.png"; sourceTree = "<group>"; };
		7947C178174366A300F796F1 /* Default.png */ = {isa = PBXFileReference; lastKnownFileType = image.png; name = Default.png; path = images/Default.png; sourceTree = "<group>"; };
		7947C179174366A300F796F1 /* Default@2x.png */ = {isa = PBXFileReference; lastKnownFileType = image.png; name = "Default@2x.png"; path = "images/Default@2x.png"; sourceTree = "<group>"; };
		7947C17D17436A0C00F796F1 /* DAAppViewCell.h */ = {isa = PBXFileReference; fileEncoding = 4; lastKnownFileType = sourcecode.c.h; path = DAAppViewCell.h; sourceTree = "<group>"; };
		7947C17E17436A0C00F796F1 /* DAAppViewCell.m */ = {isa = PBXFileReference; fileEncoding = 4; lastKnownFileType = sourcecode.c.objc; path = DAAppViewCell.m; sourceTree = "<group>"; };
		7947C18017436A3A00F796F1 /* DAAppObject.h */ = {isa = PBXFileReference; fileEncoding = 4; lastKnownFileType = sourcecode.c.h; path = DAAppObject.h; sourceTree = "<group>"; };
		7947C18117436A3A00F796F1 /* DAAppObject.m */ = {isa = PBXFileReference; fileEncoding = 4; lastKnownFileType = sourcecode.c.objc; path = DAAppObject.m; sourceTree = "<group>"; };
		794AD82B17326FCE0061C941 /* CoreLocation.framework */ = {isa = PBXFileReference; lastKnownFileType = wrapper.framework; name = CoreLocation.framework; path = System/Library/Frameworks/CoreLocation.framework; sourceTree = SDKROOT; };
		7987A9B61728C3B5003C3E53 /* YuloreSDK.app */ = {isa = PBXFileReference; explicitFileType = wrapper.application; includeInIndex = 0; path = YuloreSDK.app; sourceTree = BUILT_PRODUCTS_DIR; };
		7987A9B91728C3B5003C3E53 /* UIKit.framework */ = {isa = PBXFileReference; lastKnownFileType = wrapper.framework; name = UIKit.framework; path = System/Library/Frameworks/UIKit.framework; sourceTree = SDKROOT; };
		7987A9BB1728C3B5003C3E53 /* Foundation.framework */ = {isa = PBXFileReference; lastKnownFileType = wrapper.framework; name = Foundation.framework; path = System/Library/Frameworks/Foundation.framework; sourceTree = SDKROOT; };
		7987A9BD1728C3B5003C3E53 /* CoreGraphics.framework */ = {isa = PBXFileReference; lastKnownFileType = wrapper.framework; name = CoreGraphics.framework; path = System/Library/Frameworks/CoreGraphics.framework; sourceTree = SDKROOT; };
		7987A9C11728C3B5003C3E53 /* YuloreSDK-Info.plist */ = {isa = PBXFileReference; lastKnownFileType = text.plist.xml; path = "YuloreSDK-Info.plist"; sourceTree = "<group>"; };
		7987A9C31728C3B5003C3E53 /* en */ = {isa = PBXFileReference; lastKnownFileType = text.plist.strings; name = en; path = en.lproj/InfoPlist.strings; sourceTree = "<group>"; };
		7987A9C51728C3B5003C3E53 /* main.m */ = {isa = PBXFileReference; lastKnownFileType = sourcecode.c.objc; path = main.m; sourceTree = "<group>"; };
		7987A9C71728C3B5003C3E53 /* YuloreSDK-Prefix.pch */ = {isa = PBXFileReference; lastKnownFileType = sourcecode.c.h; path = "YuloreSDK-Prefix.pch"; sourceTree = "<group>"; };
		7987A9C81728C3B5003C3E53 /* AppDelegate.h */ = {isa = PBXFileReference; lastKnownFileType = sourcecode.c.h; path = AppDelegate.h; sourceTree = "<group>"; };
		7987A9C91728C3B5003C3E53 /* AppDelegate.m */ = {isa = PBXFileReference; lastKnownFileType = sourcecode.c.objc; path = AppDelegate.m; sourceTree = "<group>"; };
		7987A9D61728C3EC003C3E53 /* MainViewController.h */ = {isa = PBXFileReference; fileEncoding = 4; lastKnownFileType = sourcecode.c.h; path = MainViewController.h; sourceTree = "<group>"; };
		7987A9D71728C3EC003C3E53 /* MainViewController.m */ = {isa = PBXFileReference; fileEncoding = 4; lastKnownFileType = sourcecode.c.objc; path = MainViewController.m; sourceTree = "<group>"; };
		7987A9D91728C6B3003C3E53 /* SearchViewController.h */ = {isa = PBXFileReference; fileEncoding = 4; lastKnownFileType = sourcecode.c.h; path = SearchViewController.h; sourceTree = "<group>"; };
		7987A9DA1728C6B3003C3E53 /* SearchViewController.m */ = {isa = PBXFileReference; fileEncoding = 4; lastKnownFileType = sourcecode.c.objc; path = SearchViewController.m; sourceTree = "<group>"; };
		7987A9DC1728C7C5003C3E53 /* YuloreAPI.h */ = {isa = PBXFileReference; fileEncoding = 4; lastKnownFileType = sourcecode.c.h; path = YuloreAPI.h; sourceTree = "<group>"; };
		7987A9DD1728C7C5003C3E53 /* YuloreAPI.m */ = {isa = PBXFileReference; fileEncoding = 4; lastKnownFileType = sourcecode.c.objc; path = YuloreAPI.m; sourceTree = "<group>"; };
		7987A9DF1728C7E3003C3E53 /* JSONKit.h */ = {isa = PBXFileReference; fileEncoding = 4; lastKnownFileType = sourcecode.c.h; path = JSONKit.h; sourceTree = "<group>"; };
		7987A9E01728C7E3003C3E53 /* JSONKit.m */ = {isa = PBXFileReference; fileEncoding = 4; lastKnownFileType = sourcecode.c.objc; path = JSONKit.m; sourceTree = "<group>"; };
		7987A9E11728C7E3003C3E53 /* POI.h */ = {isa = PBXFileReference; fileEncoding = 4; lastKnownFileType = sourcecode.c.h; path = POI.h; sourceTree = "<group>"; };
		7987A9E21728C7E3003C3E53 /* POI.m */ = {isa = PBXFileReference; fileEncoding = 4; lastKnownFileType = sourcecode.c.objc; path = POI.m; sourceTree = "<group>"; };
		7987A9E31728C7E3003C3E53 /* CityViewController.h */ = {isa = PBXFileReference; fileEncoding = 4; lastKnownFileType = sourcecode.c.h; path = CityViewController.h; sourceTree = "<group>"; };
		7987A9E41728C7E3003C3E53 /* CityViewController.m */ = {isa = PBXFileReference; fileEncoding = 4; lastKnownFileType = sourcecode.c.objc; path = CityViewController.m; sourceTree = "<group>"; };
		7987A9E51728C7E3003C3E53 /* UINavigationBar+CustomBackground.h */ = {isa = PBXFileReference; fileEncoding = 4; lastKnownFileType = sourcecode.c.h; path = "UINavigationBar+CustomBackground.h"; sourceTree = "<group>"; };
		7987A9E61728C7E3003C3E53 /* UINavigationBar+CustomBackground.m */ = {isa = PBXFileReference; fileEncoding = 4; lastKnownFileType = sourcecode.c.objc; path = "UINavigationBar+CustomBackground.m"; sourceTree = "<group>"; };
		7987A9EE1728C7FD003C3E53 /* DetailInfomationView.h */ = {isa = PBXFileReference; fileEncoding = 4; lastKnownFileType = sourcecode.c.h; path = DetailInfomationView.h; sourceTree = "<group>"; };
		7987A9EF1728C7FD003C3E53 /* DetailInfomationView.m */ = {isa = PBXFileReference; fileEncoding = 4; lastKnownFileType = sourcecode.c.objc; path = DetailInfomationView.m; sourceTree = "<group>"; };
		7987A9F01728C7FD003C3E53 /* DetailViewController.h */ = {isa = PBXFileReference; fileEncoding = 4; lastKnownFileType = sourcecode.c.h; path = DetailViewController.h; sourceTree = "<group>"; };
		7987A9F11728C7FD003C3E53 /* DetailViewController.m */ = {isa = PBXFileReference; fileEncoding = 4; lastKnownFileType = sourcecode.c.objc; path = DetailViewController.m; sourceTree = "<group>"; };
		7987A9F41728C810003C3E53 /* YuloreAPICategory.h */ = {isa = PBXFileReference; fileEncoding = 4; lastKnownFileType = sourcecode.c.h; path = YuloreAPICategory.h; sourceTree = "<group>"; };
		7987A9F51728C810003C3E53 /* YuloreAPICategory.m */ = {isa = PBXFileReference; fileEncoding = 4; lastKnownFileType = sourcecode.c.objc; path = YuloreAPICategory.m; sourceTree = "<group>"; };
		7987A9F71728C835003C3E53 /* MapKit.framework */ = {isa = PBXFileReference; lastKnownFileType = wrapper.framework; name = MapKit.framework; path = System/Library/Frameworks/MapKit.framework; sourceTree = SDKROOT; };
		79A6D81E1744871000AE0604 /* AHReach.h */ = {isa = PBXFileReference; fileEncoding = 4; lastKnownFileType = sourcecode.c.h; path = AHReach.h; sourceTree = "<group>"; };
		79A6D81F1744871100AE0604 /* AHReach.m */ = {isa = PBXFileReference; fileEncoding = 4; lastKnownFileType = sourcecode.c.objc; path = AHReach.m; sourceTree = "<group>"; };
		79A77E541745C26100A1F688 /* PWLoadMoreTableFooterView.h */ = {isa = PBXFileReference; fileEncoding = 4; lastKnownFileType = sourcecode.c.h; path = PWLoadMoreTableFooterView.h; sourceTree = "<group>"; };
		79A77E551745C26100A1F688 /* PWLoadMoreTableFooterView.m */ = {isa = PBXFileReference; fileEncoding = 4; lastKnownFileType = sourcecode.c.objc; path = PWLoadMoreTableFooterView.m; sourceTree = "<group>"; };
		79A77E571745D91100A1F688 /* ListViewController.h */ = {isa = PBXFileReference; fileEncoding = 4; lastKnownFileType = sourcecode.c.h; path = ListViewController.h; sourceTree = "<group>"; };
		79A77E581745D91100A1F688 /* ListViewController.m */ = {isa = PBXFileReference; fileEncoding = 4; lastKnownFileType = sourcecode.c.objc; path = ListViewController.m; sourceTree = "<group>"; };
		79B0B3EC172B6CE600245F95 /* MBProgressHUD.h */ = {isa = PBXFileReference; fileEncoding = 4; lastKnownFileType = sourcecode.c.h; path = MBProgressHUD.h; sourceTree = "<group>"; };
		79B0B3ED172B6CE600245F95 /* MBProgressHUD.m */ = {isa = PBXFileReference; fileEncoding = 4; lastKnownFileType = sourcecode.c.objc; path = MBProgressHUD.m; sourceTree = "<group>"; };
		79BE0CA6172A188900494E9A /* UINavigationBar-CustomBackground.h */ = {isa = PBXFileReference; fileEncoding = 4; lastKnownFileType = sourcecode.c.h; path = "UINavigationBar-CustomBackground.h"; sourceTree = "<group>"; };
		79BE0CA7172A188900494E9A /* UINavigationBar-CustomBackground.m */ = {isa = PBXFileReference; fileEncoding = 4; lastKnownFileType = sourcecode.c.objc; path = "UINavigationBar-CustomBackground.m"; sourceTree = "<group>"; };
		79F4F51E1764262E0079F95A /* SystemConfiguration.framework */ = {isa = PBXFileReference; lastKnownFileType = wrapper.framework; name = SystemConfiguration.framework; path = System/Library/Frameworks/SystemConfiguration.framework; sourceTree = SDKROOT; };
		79F4F5201764262E0079F95A /* CityScrollView.h */ = {isa = PBXFileReference; fileEncoding = 4; lastKnownFileType = sourcecode.c.h; path = CityScrollView.h; sourceTree = "<group>"; };
		79F4F5211764262E0079F95A /* CityScrollView.m */ = {isa = PBXFileReference; fileEncoding = 4; lastKnownFileType = sourcecode.c.objc; path = CityScrollView.m; sourceTree = "<group>"; };
		79F4F5241764262E0079F95A /* SectionInfo.h */ = {isa = PBXFileReference; fileEncoding = 4; lastKnownFileType = sourcecode.c.h; path = SectionInfo.h; sourceTree = "<group>"; };
		79F4F5251764262E0079F95A /* SectionInfo.m */ = {isa = PBXFileReference; fileEncoding = 4; lastKnownFileType = sourcecode.c.objc; path = SectionInfo.m; sourceTree = "<group>"; };
/* End PBXFileReference section */

/* Begin PBXFrameworksBuildPhase section */
		7987A9B31728C3B4003C3E53 /* Frameworks */ = {
			isa = PBXFrameworksBuildPhase;
			buildActionMask = 2147483647;
			files = (
				79F4F51F1764262E0079F95A /* SystemConfiguration.framework in Frameworks */,
				794AD82C17326FCE0061C941 /* CoreLocation.framework in Frameworks */,
				7946B8E6172911750024200C /* QuartzCore.framework in Frameworks */,
				7987A9F81728C835003C3E53 /* MapKit.framework in Frameworks */,
				7987A9BA1728C3B5003C3E53 /* UIKit.framework in Frameworks */,
				7987A9BC1728C3B5003C3E53 /* Foundation.framework in Frameworks */,
				7987A9BE1728C3B5003C3E53 /* CoreGraphics.framework in Frameworks */,
			);
			runOnlyForDeploymentPostprocessing = 0;
		};
/* End PBXFrameworksBuildPhase section */

/* Begin PBXGroup section */
		7987A9AD1728C3B4003C3E53 = {
			isa = PBXGroup;
			children = (
				7987A9BF1728C3B5003C3E53 /* YuloreSDK */,
				7987A9B81728C3B5003C3E53 /* Frameworks */,
				7987A9B71728C3B5003C3E53 /* Products */,
			);
			sourceTree = "<group>";
		};
		7987A9B71728C3B5003C3E53 /* Products */ = {
			isa = PBXGroup;
			children = (
				7987A9B61728C3B5003C3E53 /* YuloreSDK.app */,
			);
			name = Products;
			sourceTree = "<group>";
		};
		7987A9B81728C3B5003C3E53 /* Frameworks */ = {
			isa = PBXGroup;
			children = (
				79F4F51E1764262E0079F95A /* SystemConfiguration.framework */,
				794AD82B17326FCE0061C941 /* CoreLocation.framework */,
				7946B8E5172911750024200C /* QuartzCore.framework */,
				7987A9F71728C835003C3E53 /* MapKit.framework */,
				7987A9B91728C3B5003C3E53 /* UIKit.framework */,
				7987A9BB1728C3B5003C3E53 /* Foundation.framework */,
				7987A9BD1728C3B5003C3E53 /* CoreGraphics.framework */,
			);
			name = Frameworks;
			sourceTree = "<group>";
		};
		7987A9BF1728C3B5003C3E53 /* YuloreSDK */ = {
			isa = PBXGroup;
			children = (
				79A77E541745C26100A1F688 /* PWLoadMoreTableFooterView.h */,
				79A77E551745C26100A1F688 /* PWLoadMoreTableFooterView.m */,
				79A6D81E1744871000AE0604 /* AHReach.h */,
				79A6D81F1744871100AE0604 /* AHReach.m */,
				79F4F5231764262E0079F95A /* images */,
				7947C18017436A3A00F796F1 /* DAAppObject.h */,
				7947C18117436A3A00F796F1 /* DAAppObject.m */,
				7947C17D17436A0C00F796F1 /* DAAppViewCell.h */,
				7947C17E17436A0C00F796F1 /* DAAppViewCell.m */,
				79298E34172CBE7F008E6EC0 /* TDBadgedCell.h */,
				79298E35172CBE7F008E6EC0 /* TDBadgedCell.m */,
				79A77E571745D91100A1F688 /* ListViewController.h */,
				79A77E581745D91100A1F688 /* ListViewController.m */,
				79B0B3EC172B6CE600245F95 /* MBProgressHUD.h */,
				79B0B3ED172B6CE600245F95 /* MBProgressHUD.m */,
				79BE0CA6172A188900494E9A /* UINavigationBar-CustomBackground.h */,
				79BE0CA7172A188900494E9A /* UINavigationBar-CustomBackground.m */,
				7946B8EA172914E40024200C /* CategoryListViewController.h */,
				7946B8EB172914E40024200C /* CategoryListViewController.m */,
				7946B8DE1729110C0024200C /* Quotation.h */,
				7946B8DF1729110C0024200C /* Quotation.m */,
				79F4F5241764262E0079F95A /* SectionInfo.h */,
				79F4F5251764262E0079F95A /* SectionInfo.m */,
				7946B8D9172910C60024200C /* SectionHeaderView.h */,
				7946B8DA172910C60024200C /* SectionHeaderView.m */,
				7987A9F41728C810003C3E53 /* YuloreAPICategory.h */,
				7987A9F51728C810003C3E53 /* YuloreAPICategory.m */,
				7987A9EE1728C7FD003C3E53 /* DetailInfomationView.h */,
				7987A9EF1728C7FD003C3E53 /* DetailInfomationView.m */,
				7987A9F01728C7FD003C3E53 /* DetailViewController.h */,
				7987A9F11728C7FD003C3E53 /* DetailViewController.m */,
				7987A9DF1728C7E3003C3E53 /* JSONKit.h */,
				7987A9E01728C7E3003C3E53 /* JSONKit.m */,
				7987A9E11728C7E3003C3E53 /* POI.h */,
				7987A9E21728C7E3003C3E53 /* POI.m */,
				79F4F5201764262E0079F95A /* CityScrollView.h */,
				79F4F5211764262E0079F95A /* CityScrollView.m */,
				7987A9E31728C7E3003C3E53 /* CityViewController.h */,
				7987A9E41728C7E3003C3E53 /* CityViewController.m */,
				7987A9E51728C7E3003C3E53 /* UINavigationBar+CustomBackground.h */,
				7987A9E61728C7E3003C3E53 /* UINavigationBar+CustomBackground.m */,
				7987A9DC1728C7C5003C3E53 /* YuloreAPI.h */,
				7987A9DD1728C7C5003C3E53 /* YuloreAPI.m */,
				7987A9D91728C6B3003C3E53 /* SearchViewController.h */,
				7987A9DA1728C6B3003C3E53 /* SearchViewController.m */,
				7987A9C81728C3B5003C3E53 /* AppDelegate.h */,
				7987A9C91728C3B5003C3E53 /* AppDelegate.m */,
				7987A9C01728C3B5003C3E53 /* Supporting Files */,
				7987A9D61728C3EC003C3E53 /* MainViewController.h */,
				7987A9D71728C3EC003C3E53 /* MainViewController.m */,
			);
			path = YuloreSDK;
			sourceTree = "<group>";
		};
		7987A9C01728C3B5003C3E53 /* Supporting Files */ = {
			isa = PBXGroup;
			children = (
				7947C177174366A300F796F1 /* Default-568h@2x.png */,
				7947C178174366A300F796F1 /* Default.png */,
				7947C179174366A300F796F1 /* Default@2x.png */,
				7987A9C11728C3B5003C3E53 /* YuloreSDK-Info.plist */,
				7987A9C21728C3B5003C3E53 /* InfoPlist.strings */,
				7987A9C51728C3B5003C3E53 /* main.m */,
				7987A9C71728C3B5003C3E53 /* YuloreSDK-Prefix.pch */,
			);
			name = "Supporting Files";
			sourceTree = "<group>";
		};
		79F4F5231764262E0079F95A /* images */ = {
			isa = PBXGroup;
			children = (
				7947C16F1743666E00F796F1 /* 37x-Checkmark.png */,
				7947C1701743666E00F796F1 /* 37x-Checkmark@2x.png */,
				7947C1711743666E00F796F1 /* selectcity.png */,
				7947C1721743666E00F796F1 /* titlebar_bg.jpg */,
			);
			name = images;
			sourceTree = "<group>";
		};
/* End PBXGroup section */

/* Begin PBXNativeTarget section */
		7987A9B51728C3B4003C3E53 /* YuloreSDK */ = {
			isa = PBXNativeTarget;
			buildConfigurationList = 7987A9D31728C3B5003C3E53 /* Build configuration list for PBXNativeTarget "YuloreSDK" */;
			buildPhases = (
				7987A9B21728C3B4003C3E53 /* Sources */,
				7987A9B31728C3B4003C3E53 /* Frameworks */,
				7987A9B41728C3B4003C3E53 /* Resources */,
			);
			buildRules = (
			);
			dependencies = (
			);
			name = YuloreSDK;
			productName = YuloreSDK;
			productReference = 7987A9B61728C3B5003C3E53 /* YuloreSDK.app */;
			productType = "com.apple.product-type.application";
		};
/* End PBXNativeTarget section */

/* Begin PBXProject section */
		7987A9AE1728C3B4003C3E53 /* Project object */ = {
			isa = PBXProject;
			attributes = {
				LastUpgradeCheck = 0460;
				ORGANIZATIONNAME = Yulore;
			};
			buildConfigurationList = 7987A9B11728C3B4003C3E53 /* Build configuration list for PBXProject "YuloreSDK" */;
			compatibilityVersion = "Xcode 3.2";
			developmentRegion = English;
			hasScannedForEncodings = 0;
			knownRegions = (
				en,
				"zh-Hans",
			);
			mainGroup = 7987A9AD1728C3B4003C3E53;
			productRefGroup = 7987A9B71728C3B5003C3E53 /* Products */;
			projectDirPath = "";
			projectRoot = "";
			targets = (
				7987A9B51728C3B4003C3E53 /* YuloreSDK */,
			);
		};
/* End PBXProject section */

/* Begin PBXResourcesBuildPhase section */
		7987A9B41728C3B4003C3E53 /* Resources */ = {
			isa = PBXResourcesBuildPhase;
			buildActionMask = 2147483647;
			files = (
				7987A9C41728C3B5003C3E53 /* InfoPlist.strings in Resources */,
				7947C1731743666E00F796F1 /* 37x-Checkmark.png in Resources */,
				7947C1741743666E00F796F1 /* 37x-Checkmark@2x.png in Resources */,
				7947C1751743666E00F796F1 /* selectcity.png in Resources */,
				7947C1761743666E00F796F1 /* titlebar_bg.jpg in Resources */,
			);
			runOnlyForDeploymentPostprocessing = 0;
		};
/* End PBXResourcesBuildPhase section */

/* Begin PBXSourcesBuildPhase section */
		7987A9B21728C3B4003C3E53 /* Sources */ = {
			isa = PBXSourcesBuildPhase;
			buildActionMask = 2147483647;
			files = (
				7987A9C61728C3B5003C3E53 /* main.m in Sources */,
				7987A9CA1728C3B5003C3E53 /* AppDelegate.m in Sources */,
				7987A9D81728C3EC003C3E53 /* MainViewController.m in Sources */,
				7987A9DB1728C6B3003C3E53 /* SearchViewController.m in Sources */,
				7987A9DE1728C7C5003C3E53 /* YuloreAPI.m in Sources */,
				7987A9E91728C7E3003C3E53 /* JSONKit.m in Sources */,
				7987A9EA1728C7E3003C3E53 /* POI.m in Sources */,
				7987A9EB1728C7E3003C3E53 /* CityViewController.m in Sources */,
				7987A9EC1728C7E3003C3E53 /* UINavigationBar+CustomBackground.m in Sources */,
				7987A9F21728C7FD003C3E53 /* DetailInfomationView.m in Sources */,
				7987A9F31728C7FD003C3E53 /* DetailViewController.m in Sources */,
				7987A9F61728C810003C3E53 /* YuloreAPICategory.m in Sources */,
				7946B8DB172910C60024200C /* SectionHeaderView.m in Sources */,
				7946B8E31729110C0024200C /* Quotation.m in Sources */,
				7946B8EC172914E40024200C /* CategoryListViewController.m in Sources */,
				79BE0CA8172A188900494E9A /* UINavigationBar-CustomBackground.m in Sources */,
				79B0B3EE172B6CE600245F95 /* MBProgressHUD.m in Sources */,
				79298E36172CBE7F008E6EC0 /* TDBadgedCell.m in Sources */,
				79F4F5221764262E0079F95A /* CityScrollView.m in Sources */,
				79F4F5261764262E0079F95A /* SectionInfo.m in Sources */,
				7947C17F17436A0C00F796F1 /* DAAppViewCell.m in Sources */,
				7947C18217436A3B00F796F1 /* DAAppObject.m in Sources */,
				79A6D8201744871100AE0604 /* AHReach.m in Sources */,
				79A77E561745C26100A1F688 /* PWLoadMoreTableFooterView.m in Sources */,
				79A77E591745D91100A1F688 /* ListViewController.m in Sources */,
			);
			runOnlyForDeploymentPostprocessing = 0;
		};
/* End PBXSourcesBuildPhase section */

/* Begin PBXVariantGroup section */
		7987A9C21728C3B5003C3E53 /* InfoPlist.strings */ = {
			isa = PBXVariantGroup;
			children = (
				7987A9C31728C3B5003C3E53 /* en */,
				7946B8ED17291A370024200C /* zh-Hans */,
			);
			name = InfoPlist.strings;
			sourceTree = "<group>";
		};
/* End PBXVariantGroup section */

/* Begin XCBuildConfiguration section */
		7987A9D11728C3B5003C3E53 /* Debug */ = {
			isa = XCBuildConfiguration;
			buildSettings = {
				ALWAYS_SEARCH_USER_PATHS = NO;
				CLANG_CXX_LANGUAGE_STANDARD = "gnu++0x";
				CLANG_CXX_LIBRARY = "libc++";
				CLANG_WARN_CONSTANT_CONVERSION = YES;
				CLANG_WARN_EMPTY_BODY = YES;
				CLANG_WARN_ENUM_CONVERSION = YES;
				CLANG_WARN_INT_CONVERSION = YES;
				CLANG_WARN__DUPLICATE_METHOD_MATCH = YES;
				"CODE_SIGN_IDENTITY[sdk=iphoneos*]" = "iPhone Developer";
				COPY_PHASE_STRIP = NO;
				GCC_C_LANGUAGE_STANDARD = gnu99;
				GCC_DYNAMIC_NO_PIC = NO;
				GCC_OPTIMIZATION_LEVEL = 0;
				GCC_PREPROCESSOR_DEFINITIONS = (
					"DEBUG=1",
					"$(inherited)",
				);
				GCC_SYMBOLS_PRIVATE_EXTERN = NO;
				GCC_WARN_ABOUT_RETURN_TYPE = YES;
				GCC_WARN_UNINITIALIZED_AUTOS = YES;
				GCC_WARN_UNUSED_VARIABLE = YES;
				IPHONEOS_DEPLOYMENT_TARGET = 5.1;
				ONLY_ACTIVE_ARCH = YES;
				SDKROOT = iphoneos;
				TARGETED_DEVICE_FAMILY = "1,2";
			};
			name = Debug;
		};
		7987A9D21728C3B5003C3E53 /* Release */ = {
			isa = XCBuildConfiguration;
			buildSettings = {
				ALWAYS_SEARCH_USER_PATHS = NO;
				CLANG_CXX_LANGUAGE_STANDARD = "gnu++0x";
				CLANG_CXX_LIBRARY = "libc++";
				CLANG_WARN_CONSTANT_CONVERSION = YES;
				CLANG_WARN_EMPTY_BODY = YES;
				CLANG_WARN_ENUM_CONVERSION = YES;
				CLANG_WARN_INT_CONVERSION = YES;
				CLANG_WARN__DUPLICATE_METHOD_MATCH = YES;
				"CODE_SIGN_IDENTITY[sdk=iphoneos*]" = "iPhone Developer";
				COPY_PHASE_STRIP = YES;
				GCC_C_LANGUAGE_STANDARD = gnu99;
				GCC_WARN_ABOUT_RETURN_TYPE = YES;
				GCC_WARN_UNINITIALIZED_AUTOS = YES;
				GCC_WARN_UNUSED_VARIABLE = YES;
				IPHONEOS_DEPLOYMENT_TARGET = 5.1;
				OTHER_CFLAGS = "-DNS_BLOCK_ASSERTIONS=1";
				SDKROOT = iphoneos;
				TARGETED_DEVICE_FAMILY = "1,2";
				VALIDATE_PRODUCT = YES;
			};
			name = Release;
		};
		7987A9D41728C3B5003C3E53 /* Debug */ = {
			isa = XCBuildConfiguration;
			buildSettings = {
				GCC_PRECOMPILE_PREFIX_HEADER = YES;
				GCC_PREFIX_HEADER = "YuloreSDK/YuloreSDK-Prefix.pch";
				INFOPLIST_FILE = "YuloreSDK/YuloreSDK-Info.plist";
				PRODUCT_NAME = "$(TARGET_NAME)";
				TARGETED_DEVICE_FAMILY = 1;
				WRAPPER_EXTENSION = app;
			};
			name = Debug;
		};
		7987A9D51728C3B5003C3E53 /* Release */ = {
			isa = XCBuildConfiguration;
			buildSettings = {
				GCC_PRECOMPILE_PREFIX_HEADER = YES;
				GCC_PREFIX_HEADER = "YuloreSDK/YuloreSDK-Prefix.pch";
				INFOPLIST_FILE = "YuloreSDK/YuloreSDK-Info.plist";
				PRODUCT_NAME = "$(TARGET_NAME)";
				TARGETED_DEVICE_FAMILY = 1;
				WRAPPER_EXTENSION = app;
			};
			name = Release;
		};
/* End XCBuildConfiguration section */

/* Begin XCConfigurationList section */
		7987A9B11728C3B4003C3E53 /* Build configuration list for PBXProject "YuloreSDK" */ = {
			isa = XCConfigurationList;
			buildConfigurations = (
				7987A9D11728C3B5003C3E53 /* Debug */,
				7987A9D21728C3B5003C3E53 /* Release */,
			);
			defaultConfigurationIsVisible = 0;
			defaultConfigurationName = Release;
		};
		7987A9D31728C3B5003C3E53 /* Build configuration list for PBXNativeTarget "YuloreSDK" */ = {
			isa = XCConfigurationList;
			buildConfigurations = (
				7987A9D41728C3B5003C3E53 /* Debug */,
				7987A9D51728C3B5003C3E53 /* Release */,
			);
			defaultConfigurationIsVisible = 0;
			defaultConfigurationName = Release;
		};
/* End XCConfigurationList section */
	};
	rootObject = 7987A9AE1728C3B4003C3E53 /* Project object */;
}
